{
  "version": "5",
  "specifiers": {
    "jsr:@cloudydeno/kubernetes-client@0.8": "0.8.0",
    "jsr:@cloudydeno/stream-observables@1": "1.4.1",
    "jsr:@std/assert@^1.0.18": "1.0.18",
    "jsr:@std/internal@^1.0.10": "1.0.10",
    "jsr:@std/internal@^1.0.12": "1.0.12",
    "jsr:@std/path@1": "1.1.2",
    "jsr:@std/streams@1": "1.0.12",
    "jsr:@std/yaml@1": "1.0.9"
  },
  "jsr": {
    "@cloudydeno/kubernetes-client@0.8.0": {
      "integrity": "08066abfc8f7bb17f6a81f727af1d609dc19a11b14a6c941a52bf11f7a6aea36",
      "dependencies": [
        "jsr:@std/path",
        "jsr:@std/streams",
        "jsr:@std/yaml"
      ]
    },
    "@cloudydeno/stream-observables@1.4.1": {
      "integrity": "555aa3d786fcfd066d096fc943ea47afc688618e95146e615705e981008f57c0"
    },
    "@std/assert@1.0.18": {
      "integrity": "270245e9c2c13b446286de475131dc688ca9abcd94fc5db41d43a219b34d1c78",
      "dependencies": [
        "jsr:@std/internal@^1.0.12"
      ]
    },
    "@std/internal@1.0.10": {
      "integrity": "e3be62ce42cab0e177c27698e5d9800122f67b766a0bea6ca4867886cbde8cf7"
    },
    "@std/internal@1.0.12": {
      "integrity": "972a634fd5bc34b242024402972cd5143eac68d8dffaca5eaa4dba30ce17b027"
    },
    "@std/path@1.1.2": {
      "integrity": "c0b13b97dfe06546d5e16bf3966b1cadf92e1cc83e56ba5476ad8b498d9e3038",
      "dependencies": [
        "jsr:@std/internal@^1.0.10"
      ]
    },
    "@std/streams@1.0.12": {
      "integrity": "ae925fa1dc459b1abf5cbaa28cc5c7b0485853af3b2a384b0dc22d86e59dfbf4"
    },
    "@std/yaml@1.0.9": {
      "integrity": "6bad3dc766dd85b4b37eabcba81b6aa4eac7a392792ae29abcfb0f90602d55bb"
    }
  },
  "remote": {
    "https://deno.land/std@0.177.0/streams/text_line_stream.ts": "a9dd2636c6b90e626e19df26c97034c5f638bdd957cbd5c531d6278fe1d08e90"
  },
  "workspace": {
    "members": {
      "generation": {
        "dependencies": [
          "jsr:@cloudydeno/kubernetes-client@0.8",
          "jsr:@std/path@1",
          "jsr:@std/yaml@1"
        ]
      },
      "lib": {
        "dependencies": [
          "jsr:@cloudydeno/kubernetes-client@0.8"
        ]
      },
      "tests": {
        "dependencies": [
          "jsr:@std/assert@^1.0.18"
        ]
      }
    }
  }
}
